{
  "name": "websocket-server-node",
  "version": "1.0.0",
  "lockfileVersion": 2,
  "requires": true,
  "packages": {
    "": {
      "version": "1.0.0",
      "license": "ISC",
      "dependencies": {
        "ws": "^8.10.0"
      },
      "optionalDependencies": {
        "utf-8-validate": "^5.0.10"
      }
    },
    "node_modules/node-gyp-build": {
      "version": "4.5.0",
      "resolved": "https://registry.npmjs.org/node-gyp-build/-/node-gyp-build-4.5.0.tgz",
      "integrity": "sha512-2iGbaQBV+ITgCz76ZEjmhUKAKVf7xfY1sRl4UiKQspfZMH2h06SyhNsnSVy50cwkFQDGLyif6m/6uFXHkOZ6rg==",
      "optional": true,
      "bin": {
        "node-gyp-build": "bin.js",
        "node-gyp-build-optional": "optional.js",
        "node-gyp-build-test": "build-test.js"
      }
    },
    "node_modules/utf-8-validate": {
      "version": "5.0.10",
      "resolved": "https://registry.npmjs.org/utf-8-validate/-/utf-8-validate-5.0.10.tgz",
      "integrity": "sha512-Z6czzLq4u8fPOyx7TU6X3dvUZVvoJmxSQ+IcrlmagKhilxlhZgxPK6C5Jqbkw1IDUmFTM+cz9QDnnLTwDz/2gQ==",
      "hasInstallScript": true,
      "optional": true,
      "dependencies": {
        "node-gyp-build": "^4.3.0"
      },
      "engines": {
        "node": ">=6.14.2"
      }
    },
    "node_modules/ws": {
      "version": "8.10.0",
      "resolved": "https://registry.npmjs.org/ws/-/ws-8.10.0.tgz",
      "integrity": "sha512-+s49uSmZpvtAsd2h37vIPy1RBusaLawVe8of+GyEPsaJTCMpj/2v8NpeK1SHXjBlQ95lQTmQofOJnFiLoaN3yw==",
      "engines": {
        "node": ">=10.0.0"
      },
      "peerDependencies": {
        "bufferutil": "^4.0.1",
        "utf-8-validate": "^5.0.2"
      },
      "peerDependenciesMeta": {
        "bufferutil": {
          "optional": true
        },
        "utf-8-validate": {
          "optional": true
        }
      }
    }
  },
  "dependencies": {
    "node-gyp-build": {
      "version": "4.5.0",
      "resolved": "https://registry.npmjs.org/node-gyp-build/-/node-gyp-build-4.5.0.tgz",
      "integrity": "sha512-2iGbaQBV+ITgCz76ZEjmhUKAKVf7xfY1sRl4UiKQspfZMH2h06SyhNsnSVy50cwkFQDGLyif6m/6uFXHkOZ6rg==",
      "optional": true
    },
    "utf-8-validate": {
      "version": "5.0.10",
      "resolved": "https://registry.npmjs.org/utf-8-validate/-/utf-8-validate-5.0.10.tgz",
      "integrity": "sha512-Z6czzLq4u8fPOyx7TU6X3dvUZVvoJmxSQ+IcrlmagKhilxlhZgxPK6C5Jqbkw1IDUmFTM+cz9QDnnLTwDz/2gQ==",
      "optional": true,
      "requires": {
        "node-gyp-build": "^4.3.0"
      }
    },
    "ws": {
      "version": "8.10.0",
      "resolved": "https://registry.npmjs.org/ws/-/ws-8.10.0.tgz",
      "integrity": "sha512-+s49uSmZpvtAsd2h37vIPy1RBusaLawVe8of+GyEPsaJTCMpj/2v8NpeK1SHXjBlQ95lQTmQofOJnFiLoaN3yw==",
      "requires": {}
    }
  }
}
